
Microsoft Visual Studio Solution File, Format Version 11.00
# Visual Studio 2010
Project("{FAE04EC0-301F-11D3-BF4B-00C04F79EFBC}") = "SimpleWebServer", "SimpleWebServer\SimpleWebServer.csproj", "{FFFC08A5-C406-48A6-8862-EE2B9433F1C5}"
EndProject
Global
	GlobalSection(SolutionConfigurationPlatforms) = preSolution
		Debug|Any CPU = Debug|Any CPU
		Release|Any CPU = Release|Any CPU
	EndGlobalSection
	GlobalSection(ProjectConfigurationPlatforms) = postSolution
		{FFFC08A5-C406-48A6-8862-EE2B9433F1C5}.Debug|Any CPU.ActiveCfg = Debug|Any CPU
		{FFFC08A5-C406-48A6-8862-EE2B9433F1C5}.Debug|Any CPU.Build.0 = Debug|Any CPU
		{FFFC08A5-C406-48A6-8862-EE2B9433F1C5}.Debug|Any CPU.Deploy.0 = Debug|Any CPU
		{FFFC08A5-C406-48A6-8862-EE2B9433F1C5}.Release|Any CPU.ActiveCfg = Release|Any CPU
		{FFFC08A5-C406-48A6-8862-EE2B9433F1C5}.Release|Any CPU.Build.0 = Release|Any CPU
		{FFFC08A5-C406-48A6-8862-EE2B9433F1C5}.Release|Any CPU.Deploy.0 = Release|Any CPU
	EndGlobalSection
	GlobalSection(SolutionProperties) = preSolution
		HideSolutionNode = FALSE
	EndGlobalSection
EndGlobal
